
Microsoft Visual Studio Solution File, Format Version 12.00
# Visual Studio Version 16
VisualStudioVersion = 16.0.30611.23
MinimumVisualStudioVersion = 10.0.40219.1
Project("{888888A0-9F3D-457C-B088-3A5042F75D52}") = "VisibilityManager.pushbutton", "VisibilityManager.pushbutton.pyproj", "{A10FA479-5110-4C85-A9FF-757E67F5F221}"
EndProject
Global
	GlobalSection(SolutionConfigurationPlatforms) = preSolution
		Debug|Any CPU = Debug|Any CPU
		Release|Any CPU = Release|Any CPU
	EndGlobalSection
	GlobalSection(ProjectConfigurationPlatforms) = postSolution
		{A10FA479-5110-4C85-A9FF-757E67F5F221}.Debug|Any CPU.ActiveCfg = Debug|Any CPU
		{A10FA479-5110-4C85-A9FF-757E67F5F221}.Release|Any CPU.ActiveCfg = Release|Any CPU
	EndGlobalSection
	GlobalSection(SolutionProperties) = preSolution
		HideSolutionNode = FALSE
	EndGlobalSection
	GlobalSection(ExtensibilityGlobals) = postSolution
		SolutionGuid = {F756A9D0-66FC-4C80-BF1D-C901064DDCD5}
	EndGlobalSection
EndGlobal
